Microsoft Visual Studio Solution File, Format Version 12.00
# Visual Studio Version 17
VisualStudioVersion = 17.5.2.0
MinimumVisualStudioVersion = 10.0.40219.1
Project("{FAE04EC0-301F-11D3-BF4B-00C04F79EFBC}") = "Shortly.Client", "Shortly.Client\Shortly.Client.csproj", "{1950C29A-0802-F76B-01D7-3825AA841065}"
EndProject
Global
	GlobalSection(SolutionConfigurationPlatforms) = preSolution
		Debug|Any CPU = Debug|Any CPU
		Release|Any CPU = Release|Any CPU
	EndGlobalSection
	GlobalSection(ProjectConfigurationPlatforms) = postSolution
		{1950C29A-0802-F76B-01D7-3825AA841065}.Debug|Any CPU.ActiveCfg = Debug|Any CPU
		{1950C29A-0802-F76B-01D7-3825AA841065}.Debug|Any CPU.Build.0 = Debug|Any CPU
		{1950C29A-0802-F76B-01D7-3825AA841065}.Release|Any CPU.ActiveCfg = Release|Any CPU
		{1950C29A-0802-F76B-01D7-3825AA841065}.Release|Any CPU.Build.0 = Release|Any CPU
	EndGlobalSection
	GlobalSection(SolutionProperties) = preSolution
		HideSolutionNode = FALSE
	EndGlobalSection
	GlobalSection(ExtensibilityGlobals) = postSolution
		SolutionGuid = {47B86C58-9341-42EA-91B4-F471C0EC3EB1}
	EndGlobalSection
EndGlobal
